
Microsoft Visual Studio Solution File, Format Version 12.00
# Visual Studio Version 16
VisualStudioVersion = 16.0.30717.126
MinimumVisualStudioVersion = 10.0.40219.1
Project("{2150E333-8FDC-42A3-9474-1A3956D46DE8}") = "0-Modeling and Design", "0-Modeling and Design", "{BE5AFD3D-854E-4997-941D-1416FFC7D678}"
EndProject
Project("{2150E333-8FDC-42A3-9474-1A3956D46DE8}") = "1-Layers", "1-Layers", "{01B356E3-EEF9-4DC7-9625-F5FDFC2BDA8F}"
EndProject
Project("{2150E333-8FDC-42A3-9474-1A3956D46DE8}") = "1.1-Presentation", "1.1-Presentation", "{DF3022C0-7EAE-4339-A26E-FA831D088E8F}"
EndProject
Project("{2150E333-8FDC-42A3-9474-1A3956D46DE8}") = "1.2-Distributed Services", "1.2-Distributed Services", "{C45BCB24-A733-4570-94DC-A1E4F05BBC38}"
EndProject
Project("{2150E333-8FDC-42A3-9474-1A3956D46DE8}") = "1.3-Distributed Processes", "1.3-Distributed Processes", "{B4F3A922-C537-4B7D-A408-157AF2335D64}"
EndProject
Project("{2150E333-8FDC-42A3-9474-1A3956D46DE8}") = "2-Helpers", "2-Helpers", "{28EECA77-377F-40B7-A45C-729F1334B306}"
EndProject
Project("{2150E333-8FDC-42A3-9474-1A3956D46DE8}") = "3-Third-parties", "3-Third-parties", "{EFC5D42A-28E6-48D0-99B4-6A7E68E21187}"
EndProject
Project("{2150E333-8FDC-42A3-9474-1A3956D46DE8}") = "4-PoC", "4-PoC", "{71C088CE-F565-43BC-9D25-DAA4BCB795BF}"
EndProject
Project("{9A19103F-16F7-4668-BE54-9A1E7A4F7556}") = "TextProcess.Client.Desktop.Web", "1-Layers\1.1-Presentation\TextProcess.Client.Desktop.Web\TextProcess.Client.Desktop.Web.csproj", "{C2F1491A-60D9-4458-9918-21C740E56488}"
EndProject
Project("{9A19103F-16F7-4668-BE54-9A1E7A4F7556}") = "TextProcess.API", "1-Layers\1.2-Distributed-Services\TextProcess.API\TextProcess.API.csproj", "{CEF2340F-A769-4A70-BE80-C67510CF268A}"
EndProject
Project("{2150E333-8FDC-42A3-9474-1A3956D46DE8}") = "1.3.1-Bounded Contexts", "1.3.1-Bounded Contexts", "{D5D249F5-2A66-4F22-BADB-6C7D8D7F0E4C}"
EndProject
Project("{2150E333-8FDC-42A3-9474-1A3956D46DE8}") = "1.4-Infrastructure", "1.4-Infrastructure", "{B64549DD-249F-4498-8A6B-397ECCD0AD64}"
EndProject
Project("{2150E333-8FDC-42A3-9474-1A3956D46DE8}") = "1.9-Test", "1.9-Test", "{77C86BCD-FE2D-4C13-B274-2D2755FED1AE}"
EndProject
Project("{2150E333-8FDC-42A3-9474-1A3956D46DE8}") = "1.4.1-CrossCutting", "1.4.1-CrossCutting", "{5767D565-690F-4F5B-A194-2678AEF169F4}"
EndProject
Project("{2150E333-8FDC-42A3-9474-1A3956D46DE8}") = "1.4.2-Data", "1.4.2-Data", "{F87B1DF2-23F5-42DF-85F7-CAC0ACBC50A4}"
EndProject
Project("{2150E333-8FDC-42A3-9474-1A3956D46DE8}") = "1.4.3-Security", "1.4.3-Security", "{4DA58E1B-B8C4-4F54-80B7-995777577C4F}"
EndProject
Project("{2150E333-8FDC-42A3-9474-1A3956D46DE8}") = "1.4.4-Transport", "1.4.4-Transport", "{32C3B33B-65A4-41DB-AEC9-BA224B22E8EB}"
EndProject
Project("{2150E333-8FDC-42A3-9474-1A3956D46DE8}") = "1.4.5-Web", "1.4.5-Web", "{6EB48AD6-545C-4A35-803A-F6090C9114C6}"
EndProject
Project("{9A19103F-16F7-4668-BE54-9A1E7A4F7556}") = "TextProcess.Infrastructure.Web", "1-Layers\1.4-Infrastructure\1.4.5-Web\TextProcess.Infrastructure.Web\TextProcess.Infrastructure.Web.csproj", "{7F5B3D17-5CCD-4CB9-9EDE-32DAA06181C1}"
EndProject
Project("{9A19103F-16F7-4668-BE54-9A1E7A4F7556}") = "TextProcess.Infrastructure.CrossCutting", "1-Layers\1.4-Infrastructure\1.4.1-CrossCutting\TextProcess.Infrastructure.CrossCutting\TextProcess.Infrastructure.CrossCutting.csproj", "{20F828AD-FE17-4161-AC4C-A7B4795B1155}"
EndProject
Project("{9A19103F-16F7-4668-BE54-9A1E7A4F7556}") = "TextProcess.Infrastructure.Transport", "1-Layers\1.4-Infrastructure\1.4.4-Transport\TextProcess.Infrastructure.Transport\TextProcess.Infrastructure.Transport.csproj", "{9CFDEF7E-CD12-46A0-9382-E50315882AF1}"
EndProject
Project("{2150E333-8FDC-42A3-9474-1A3956D46DE8}") = "TextProcess", "TextProcess", "{37AA8238-515E-4AEC-89D0-7B866E41B5CA}"
EndProject
Project("{2150E333-8FDC-42A3-9474-1A3956D46DE8}") = "Application", "Application", "{BA52428A-0B14-4A5C-9280-9FEE21F15F68}"
EndProject
Project("{2150E333-8FDC-42A3-9474-1A3956D46DE8}") = "Domain", "Domain", "{2E005F7A-4945-433C-825B-E6B094E006C0}"
EndProject
Project("{2150E333-8FDC-42A3-9474-1A3956D46DE8}") = "Infrastructure", "Infrastructure", "{B41A30B4-3E59-4DB6-8B98-2C78870F7B75}"
EndProject
Project("{9A19103F-16F7-4668-BE54-9A1E7A4F7556}") = "TextProcess.Application", "1-Layers\1.3-Distributed-Processes\1.3.1-Bounded Contexts\TextProcess.Application\TextProcess.Application.csproj", "{A6300E1B-1E2D-4F85-8448-2D0BFCDC2FF7}"
EndProject
Project("{9A19103F-16F7-4668-BE54-9A1E7A4F7556}") = "TextProcess.Application.Contracts", "1-Layers\1.3-Distributed-Processes\1.3.1-Bounded Contexts\TextProcess.Application.Contracts\TextProcess.Application.Contracts.csproj", "{15C5C203-709B-4EE9-9B88-ED550296B5EB}"
EndProject
Project("{9A19103F-16F7-4668-BE54-9A1E7A4F7556}") = "TextProcess.Domain", "1-Layers\1.3-Distributed-Processes\1.3.1-Bounded Contexts\TextProcess.Domain\TextProcess.Domain.csproj", "{F307C7A0-DD68-434D-AE2F-004506752256}"
EndProject
Project("{9A19103F-16F7-4668-BE54-9A1E7A4F7556}") = "TextProcess.Domain.Contracts", "1-Layers\1.3-Distributed-Processes\1.3.1-Bounded Contexts\TextProcess.Domain.Contracts\TextProcess.Domain.Contracts.csproj", "{A5148FCD-F12E-49B8-9AA8-1F5D2B46874F}"
EndProject
Project("{9A19103F-16F7-4668-BE54-9A1E7A4F7556}") = "TextProcess.Domain.Infrastructure", "1-Layers\1.3-Distributed-Processes\1.3.1-Bounded Contexts\TextProcess.Domain.Infrastructure\TextProcess.Domain.Infrastructure.csproj", "{B7B9537F-1BC4-4A02-9B28-D927533ADEC4}"
EndProject
Project("{9A19103F-16F7-4668-BE54-9A1E7A4F7556}") = "TextProcess.Infrastructure.Data", "1-Layers\1.3-Distributed-Processes\1.3.1-Bounded Contexts\TextProcess.Infrastructure.Data\TextProcess.Infrastructure.Data.csproj", "{2F9D0AC6-2BE2-4D0B-A29F-4CFB3E4D1B4F}"
EndProject
Project("{9A19103F-16F7-4668-BE54-9A1E7A4F7556}") = "TextProcess.Infrastructure.Data.Contracts", "1-Layers\1.3-Distributed-Processes\1.3.1-Bounded Contexts\TextProcess.Infrastructure.Data.Contracts\TextProcess.Infrastructure.Data.Contracts.csproj", "{0C41CAC2-F0E2-49A8-A6CF-5B3F6222FE87}"
EndProject
Project("{FAE04EC0-301F-11D3-BF4B-00C04F79EFBC}") = "TextProcess.Unit.Tests", "1-Layers\1.9-Test\TextProcess.Unit.Tests\TextProcess.Unit.Tests.csproj", "{67329467-1136-4AEB-9CF6-8CE742170553}"
EndProject
Project("{2150E333-8FDC-42A3-9474-1A3956D46DE8}") = "1.4.6-Agent", "1.4.6-Agent", "{3121AE69-42ED-4F67-A160-B0A39A61FEB6}"
EndProject
Project("{9A19103F-16F7-4668-BE54-9A1E7A4F7556}") = "TextProcess.Infrastructure.Agent", "1-Layers\1.4-Infrastructure\1.4.6-Agent\TextProcess.Infrastructure.Agent\TextProcess.Infrastructure.Agent.csproj", "{8F275268-906E-4E9B-8C78-B32800823DA1}"
EndProject
Global
	GlobalSection(SolutionConfigurationPlatforms) = preSolution
		Debug|Any CPU = Debug|Any CPU
		Release|Any CPU = Release|Any CPU
	EndGlobalSection
	GlobalSection(ProjectConfigurationPlatforms) = postSolution
		{C2F1491A-60D9-4458-9918-21C740E56488}.Debug|Any CPU.ActiveCfg = Debug|Any CPU
		{C2F1491A-60D9-4458-9918-21C740E56488}.Debug|Any CPU.Build.0 = Debug|Any CPU
		{C2F1491A-60D9-4458-9918-21C740E56488}.Release|Any CPU.ActiveCfg = Release|Any CPU
		{C2F1491A-60D9-4458-9918-21C740E56488}.Release|Any CPU.Build.0 = Release|Any CPU
		{CEF2340F-A769-4A70-BE80-C67510CF268A}.Debug|Any CPU.ActiveCfg = Debug|Any CPU
		{CEF2340F-A769-4A70-BE80-C67510CF268A}.Debug|Any CPU.Build.0 = Debug|Any CPU
		{CEF2340F-A769-4A70-BE80-C67510CF268A}.Release|Any CPU.ActiveCfg = Release|Any CPU
		{CEF2340F-A769-4A70-BE80-C67510CF268A}.Release|Any CPU.Build.0 = Release|Any CPU
		{7F5B3D17-5CCD-4CB9-9EDE-32DAA06181C1}.Debug|Any CPU.ActiveCfg = Debug|Any CPU
		{7F5B3D17-5CCD-4CB9-9EDE-32DAA06181C1}.Debug|Any CPU.Build.0 = Debug|Any CPU
		{7F5B3D17-5CCD-4CB9-9EDE-32DAA06181C1}.Release|Any CPU.ActiveCfg = Release|Any CPU
		{7F5B3D17-5CCD-4CB9-9EDE-32DAA06181C1}.Release|Any CPU.Build.0 = Release|Any CPU
		{20F828AD-FE17-4161-AC4C-A7B4795B1155}.Debug|Any CPU.ActiveCfg = Debug|Any CPU
		{20F828AD-FE17-4161-AC4C-A7B4795B1155}.Debug|Any CPU.Build.0 = Debug|Any CPU
		{20F828AD-FE17-4161-AC4C-A7B4795B1155}.Release|Any CPU.ActiveCfg = Release|Any CPU
		{20F828AD-FE17-4161-AC4C-A7B4795B1155}.Release|Any CPU.Build.0 = Release|Any CPU
		{9CFDEF7E-CD12-46A0-9382-E50315882AF1}.Debug|Any CPU.ActiveCfg = Debug|Any CPU
		{9CFDEF7E-CD12-46A0-9382-E50315882AF1}.Debug|Any CPU.Build.0 = Debug|Any CPU
		{9CFDEF7E-CD12-46A0-9382-E50315882AF1}.Release|Any CPU.ActiveCfg = Release|Any CPU
		{9CFDEF7E-CD12-46A0-9382-E50315882AF1}.Release|Any CPU.Build.0 = Release|Any CPU
		{A6300E1B-1E2D-4F85-8448-2D0BFCDC2FF7}.Debug|Any CPU.ActiveCfg = Debug|Any CPU
		{A6300E1B-1E2D-4F85-8448-2D0BFCDC2FF7}.Debug|Any CPU.Build.0 = Debug|Any CPU
		{A6300E1B-1E2D-4F85-8448-2D0BFCDC2FF7}.Release|Any CPU.ActiveCfg = Release|Any CPU
		{A6300E1B-1E2D-4F85-8448-2D0BFCDC2FF7}.Release|Any CPU.Build.0 = Release|Any CPU
		{15C5C203-709B-4EE9-9B88-ED550296B5EB}.Debug|Any CPU.ActiveCfg = Debug|Any CPU
		{15C5C203-709B-4EE9-9B88-ED550296B5EB}.Debug|Any CPU.Build.0 = Debug|Any CPU
		{15C5C203-709B-4EE9-9B88-ED550296B5EB}.Release|Any CPU.ActiveCfg = Release|Any CPU
		{15C5C203-709B-4EE9-9B88-ED550296B5EB}.Release|Any CPU.Build.0 = Release|Any CPU
		{F307C7A0-DD68-434D-AE2F-004506752256}.Debug|Any CPU.ActiveCfg = Debug|Any CPU
		{F307C7A0-DD68-434D-AE2F-004506752256}.Debug|Any CPU.Build.0 = Debug|Any CPU
		{F307C7A0-DD68-434D-AE2F-004506752256}.Release|Any CPU.ActiveCfg = Release|Any CPU
		{F307C7A0-DD68-434D-AE2F-004506752256}.Release|Any CPU.Build.0 = Release|Any CPU
		{A5148FCD-F12E-49B8-9AA8-1F5D2B46874F}.Debug|Any CPU.ActiveCfg = Debug|Any CPU
		{A5148FCD-F12E-49B8-9AA8-1F5D2B46874F}.Debug|Any CPU.Build.0 = Debug|Any CPU
		{A5148FCD-F12E-49B8-9AA8-1F5D2B46874F}.Release|Any CPU.ActiveCfg = Release|Any CPU
		{A5148FCD-F12E-49B8-9AA8-1F5D2B46874F}.Release|Any CPU.Build.0 = Release|Any CPU
		{B7B9537F-1BC4-4A02-9B28-D927533ADEC4}.Debug|Any CPU.ActiveCfg = Debug|Any CPU
		{B7B9537F-1BC4-4A02-9B28-D927533ADEC4}.Debug|Any CPU.Build.0 = Debug|Any CPU
		{B7B9537F-1BC4-4A02-9B28-D927533ADEC4}.Release|Any CPU.ActiveCfg = Release|Any CPU
		{B7B9537F-1BC4-4A02-9B28-D927533ADEC4}.Release|Any CPU.Build.0 = Release|Any CPU
		{2F9D0AC6-2BE2-4D0B-A29F-4CFB3E4D1B4F}.Debug|Any CPU.ActiveCfg = Debug|Any CPU
		{2F9D0AC6-2BE2-4D0B-A29F-4CFB3E4D1B4F}.Debug|Any CPU.Build.0 = Debug|Any CPU
		{2F9D0AC6-2BE2-4D0B-A29F-4CFB3E4D1B4F}.Release|Any CPU.ActiveCfg = Release|Any CPU
		{2F9D0AC6-2BE2-4D0B-A29F-4CFB3E4D1B4F}.Release|Any CPU.Build.0 = Release|Any CPU
		{0C41CAC2-F0E2-49A8-A6CF-5B3F6222FE87}.Debug|Any CPU.ActiveCfg = Debug|Any CPU
		{0C41CAC2-F0E2-49A8-A6CF-5B3F6222FE87}.Debug|Any CPU.Build.0 = Debug|Any CPU
		{0C41CAC2-F0E2-49A8-A6CF-5B3F6222FE87}.Release|Any CPU.ActiveCfg = Release|Any CPU
		{0C41CAC2-F0E2-49A8-A6CF-5B3F6222FE87}.Release|Any CPU.Build.0 = Release|Any CPU
		{67329467-1136-4AEB-9CF6-8CE742170553}.Debug|Any CPU.ActiveCfg = Debug|Any CPU
		{67329467-1136-4AEB-9CF6-8CE742170553}.Debug|Any CPU.Build.0 = Debug|Any CPU
		{67329467-1136-4AEB-9CF6-8CE742170553}.Release|Any CPU.ActiveCfg = Release|Any CPU
		{67329467-1136-4AEB-9CF6-8CE742170553}.Release|Any CPU.Build.0 = Release|Any CPU
		{8F275268-906E-4E9B-8C78-B32800823DA1}.Debug|Any CPU.ActiveCfg = Debug|Any CPU
		{8F275268-906E-4E9B-8C78-B32800823DA1}.Debug|Any CPU.Build.0 = Debug|Any CPU
		{8F275268-906E-4E9B-8C78-B32800823DA1}.Release|Any CPU.ActiveCfg = Release|Any CPU
		{8F275268-906E-4E9B-8C78-B32800823DA1}.Release|Any CPU.Build.0 = Release|Any CPU
	EndGlobalSection
	GlobalSection(SolutionProperties) = preSolution
		HideSolutionNode = FALSE
	EndGlobalSection
	GlobalSection(NestedProjects) = preSolution
		{DF3022C0-7EAE-4339-A26E-FA831D088E8F} = {01B356E3-EEF9-4DC7-9625-F5FDFC2BDA8F}
		{C45BCB24-A733-4570-94DC-A1E4F05BBC38} = {01B356E3-EEF9-4DC7-9625-F5FDFC2BDA8F}
		{B4F3A922-C537-4B7D-A408-157AF2335D64} = {01B356E3-EEF9-4DC7-9625-F5FDFC2BDA8F}
		{C2F1491A-60D9-4458-9918-21C740E56488} = {DF3022C0-7EAE-4339-A26E-FA831D088E8F}
		{CEF2340F-A769-4A70-BE80-C67510CF268A} = {C45BCB24-A733-4570-94DC-A1E4F05BBC38}
		{D5D249F5-2A66-4F22-BADB-6C7D8D7F0E4C} = {B4F3A922-C537-4B7D-A408-157AF2335D64}
		{B64549DD-249F-4498-8A6B-397ECCD0AD64} = {01B356E3-EEF9-4DC7-9625-F5FDFC2BDA8F}
		{77C86BCD-FE2D-4C13-B274-2D2755FED1AE} = {01B356E3-EEF9-4DC7-9625-F5FDFC2BDA8F}
		{5767D565-690F-4F5B-A194-2678AEF169F4} = {B64549DD-249F-4498-8A6B-397ECCD0AD64}
		{F87B1DF2-23F5-42DF-85F7-CAC0ACBC50A4} = {B64549DD-249F-4498-8A6B-397ECCD0AD64}
		{4DA58E1B-B8C4-4F54-80B7-995777577C4F} = {B64549DD-249F-4498-8A6B-397ECCD0AD64}
		{32C3B33B-65A4-41DB-AEC9-BA224B22E8EB} = {B64549DD-249F-4498-8A6B-397ECCD0AD64}
		{6EB48AD6-545C-4A35-803A-F6090C9114C6} = {B64549DD-249F-4498-8A6B-397ECCD0AD64}
		{7F5B3D17-5CCD-4CB9-9EDE-32DAA06181C1} = {6EB48AD6-545C-4A35-803A-F6090C9114C6}
		{20F828AD-FE17-4161-AC4C-A7B4795B1155} = {5767D565-690F-4F5B-A194-2678AEF169F4}
		{9CFDEF7E-CD12-46A0-9382-E50315882AF1} = {32C3B33B-65A4-41DB-AEC9-BA224B22E8EB}
		{37AA8238-515E-4AEC-89D0-7B866E41B5CA} = {D5D249F5-2A66-4F22-BADB-6C7D8D7F0E4C}
		{BA52428A-0B14-4A5C-9280-9FEE21F15F68} = {37AA8238-515E-4AEC-89D0-7B866E41B5CA}
		{2E005F7A-4945-433C-825B-E6B094E006C0} = {37AA8238-515E-4AEC-89D0-7B866E41B5CA}
		{B41A30B4-3E59-4DB6-8B98-2C78870F7B75} = {37AA8238-515E-4AEC-89D0-7B866E41B5CA}
		{A6300E1B-1E2D-4F85-8448-2D0BFCDC2FF7} = {BA52428A-0B14-4A5C-9280-9FEE21F15F68}
		{15C5C203-709B-4EE9-9B88-ED550296B5EB} = {BA52428A-0B14-4A5C-9280-9FEE21F15F68}
		{F307C7A0-DD68-434D-AE2F-004506752256} = {2E005F7A-4945-433C-825B-E6B094E006C0}
		{A5148FCD-F12E-49B8-9AA8-1F5D2B46874F} = {2E005F7A-4945-433C-825B-E6B094E006C0}
		{B7B9537F-1BC4-4A02-9B28-D927533ADEC4} = {2E005F7A-4945-433C-825B-E6B094E006C0}
		{2F9D0AC6-2BE2-4D0B-A29F-4CFB3E4D1B4F} = {B41A30B4-3E59-4DB6-8B98-2C78870F7B75}
		{0C41CAC2-F0E2-49A8-A6CF-5B3F6222FE87} = {B41A30B4-3E59-4DB6-8B98-2C78870F7B75}
		{67329467-1136-4AEB-9CF6-8CE742170553} = {77C86BCD-FE2D-4C13-B274-2D2755FED1AE}
		{3121AE69-42ED-4F67-A160-B0A39A61FEB6} = {B64549DD-249F-4498-8A6B-397ECCD0AD64}
		{8F275268-906E-4E9B-8C78-B32800823DA1} = {3121AE69-42ED-4F67-A160-B0A39A61FEB6}
	EndGlobalSection
	GlobalSection(ExtensibilityGlobals) = postSolution
		SolutionGuid = {38B997FD-7712-45E8-868C-89B08C8A4894}
	EndGlobalSection
EndGlobal
